
Microsoft Visual Studio Solution File, Format Version 12.00
# Visual Studio Version 16
VisualStudioVersion = 16.0.29613.14
MinimumVisualStudioVersion = 10.0.40219.1
Project("{FAE04EC0-301F-11D3-BF4B-00C04F79EFBC}") = "FontTool", "FontTool\FontTool.csproj", "{E694C8B9-7E85-4DF9-A419-386731281C1F}"
EndProject
Global
	GlobalSection(SolutionConfigurationPlatforms) = preSolution
		Debug|Any CPU = Debug|Any CPU
		Release|Any CPU = Release|Any CPU
	EndGlobalSection
	GlobalSection(ProjectConfigurationPlatforms) = postSolution
		{E694C8B9-7E85-4DF9-A419-386731281C1F}.Debug|Any CPU.ActiveCfg = Debug|Any CPU
		{E694C8B9-7E85-4DF9-A419-386731281C1F}.Debug|Any CPU.Build.0 = Debug|Any CPU
		{E694C8B9-7E85-4DF9-A419-386731281C1F}.Release|Any CPU.ActiveCfg = Release|Any CPU
		{E694C8B9-7E85-4DF9-A419-386731281C1F}.Release|Any CPU.Build.0 = Release|Any CPU
	EndGlobalSection
	GlobalSection(SolutionProperties) = preSolution
		HideSolutionNode = FALSE
	EndGlobalSection
	GlobalSection(ExtensibilityGlobals) = postSolution
		SolutionGuid = {93F84437-C35A-4D05-B218-3CB8E45DED5E}
	EndGlobalSection
EndGlobal
